
Microsoft Visual Studio Solution File, Format Version 12.00
# Visual Studio 14
VisualStudioVersion = 14.0.24720.0
MinimumVisualStudioVersion = 10.0.40219.1
Project("{FAE04EC0-301F-11D3-BF4B-00C04F79EFBC}") = "iPartnerApp", "iPartnerApp\iPartnerApp.csproj", "{337B4008-F76F-457F-B3EA-6C687AD3E043}"
EndProject
Project("{FAE04EC0-301F-11D3-BF4B-00C04F79EFBC}") = "iPartnerApp.iOS", "iOS\iPartnerApp.iOS.csproj", "{A3EE401A-988D-43DE-B800-1DC7E19CE307}"
EndProject
Project("{FAE04EC0-301F-11D3-BF4B-00C04F79EFBC}") = "iPartnerApp.Droid", "Droid\iPartnerApp.Droid.csproj", "{E352D3D6-8B00-4BFE-B048-BF90D4ED2173}"
EndProject
Global
	GlobalSection(SolutionConfigurationPlatforms) = preSolution
		Debug|Any CPU = Debug|Any CPU
		Debug|iPhone = Debug|iPhone
		Debug|iPhoneSimulator = Debug|iPhoneSimulator
		Release|Any CPU = Release|Any CPU
		Release|iPhone = Release|iPhone
		Release|iPhoneSimulator = Release|iPhoneSimulator
	EndGlobalSection
	GlobalSection(ProjectConfigurationPlatforms) = postSolution
		{337B4008-F76F-457F-B3EA-6C687AD3E043}.Debug|Any CPU.ActiveCfg = Debug|Any CPU
		{337B4008-F76F-457F-B3EA-6C687AD3E043}.Debug|Any CPU.Build.0 = Debug|Any CPU
		{337B4008-F76F-457F-B3EA-6C687AD3E043}.Debug|iPhone.ActiveCfg = Debug|Any CPU
		{337B4008-F76F-457F-B3EA-6C687AD3E043}.Debug|iPhone.Build.0 = Debug|Any CPU
		{337B4008-F76F-457F-B3EA-6C687AD3E043}.Debug|iPhoneSimulator.ActiveCfg = Debug|Any CPU
		{337B4008-F76F-457F-B3EA-6C687AD3E043}.Debug|iPhoneSimulator.Build.0 = Debug|Any CPU
		{337B4008-F76F-457F-B3EA-6C687AD3E043}.Release|Any CPU.ActiveCfg = Release|Any CPU
		{337B4008-F76F-457F-B3EA-6C687AD3E043}.Release|Any CPU.Build.0 = Release|Any CPU
		{337B4008-F76F-457F-B3EA-6C687AD3E043}.Release|iPhone.ActiveCfg = Release|Any CPU
		{337B4008-F76F-457F-B3EA-6C687AD3E043}.Release|iPhone.Build.0 = Release|Any CPU
		{337B4008-F76F-457F-B3EA-6C687AD3E043}.Release|iPhoneSimulator.ActiveCfg = Release|Any CPU
		{337B4008-F76F-457F-B3EA-6C687AD3E043}.Release|iPhoneSimulator.Build.0 = Release|Any CPU
		{A3EE401A-988D-43DE-B800-1DC7E19CE307}.Debug|Any CPU.ActiveCfg = Debug|iPhoneSimulator
		{A3EE401A-988D-43DE-B800-1DC7E19CE307}.Debug|Any CPU.Build.0 = Debug|iPhoneSimulator
		{A3EE401A-988D-43DE-B800-1DC7E19CE307}.Debug|iPhone.ActiveCfg = Debug|iPhone
		{A3EE401A-988D-43DE-B800-1DC7E19CE307}.Debug|iPhone.Build.0 = Debug|iPhone
		{A3EE401A-988D-43DE-B800-1DC7E19CE307}.Debug|iPhoneSimulator.ActiveCfg = Debug|iPhoneSimulator
		{A3EE401A-988D-43DE-B800-1DC7E19CE307}.Debug|iPhoneSimulator.Build.0 = Debug|iPhoneSimulator
		{A3EE401A-988D-43DE-B800-1DC7E19CE307}.Release|Any CPU.ActiveCfg = Release|iPhone
		{A3EE401A-988D-43DE-B800-1DC7E19CE307}.Release|Any CPU.Build.0 = Release|iPhone
		{A3EE401A-988D-43DE-B800-1DC7E19CE307}.Release|iPhone.ActiveCfg = Release|iPhone
		{A3EE401A-988D-43DE-B800-1DC7E19CE307}.Release|iPhone.Build.0 = Release|iPhone
		{A3EE401A-988D-43DE-B800-1DC7E19CE307}.Release|iPhoneSimulator.ActiveCfg = Release|iPhoneSimulator
		{A3EE401A-988D-43DE-B800-1DC7E19CE307}.Release|iPhoneSimulator.Build.0 = Release|iPhoneSimulator
		{E352D3D6-8B00-4BFE-B048-BF90D4ED2173}.Debug|Any CPU.ActiveCfg = Debug|Any CPU
		{E352D3D6-8B00-4BFE-B048-BF90D4ED2173}.Debug|Any CPU.Build.0 = Debug|Any CPU
		{E352D3D6-8B00-4BFE-B048-BF90D4ED2173}.Debug|Any CPU.Deploy.0 = Debug|Any CPU
		{E352D3D6-8B00-4BFE-B048-BF90D4ED2173}.Debug|iPhone.ActiveCfg = Debug|Any CPU
		{E352D3D6-8B00-4BFE-B048-BF90D4ED2173}.Debug|iPhone.Build.0 = Debug|Any CPU
		{E352D3D6-8B00-4BFE-B048-BF90D4ED2173}.Debug|iPhoneSimulator.ActiveCfg = Debug|Any CPU
		{E352D3D6-8B00-4BFE-B048-BF90D4ED2173}.Debug|iPhoneSimulator.Build.0 = Debug|Any CPU
		{E352D3D6-8B00-4BFE-B048-BF90D4ED2173}.Release|Any CPU.ActiveCfg = Release|Any CPU
		{E352D3D6-8B00-4BFE-B048-BF90D4ED2173}.Release|Any CPU.Build.0 = Release|Any CPU
		{E352D3D6-8B00-4BFE-B048-BF90D4ED2173}.Release|iPhone.ActiveCfg = Release|Any CPU
		{E352D3D6-8B00-4BFE-B048-BF90D4ED2173}.Release|iPhone.Build.0 = Release|Any CPU
		{E352D3D6-8B00-4BFE-B048-BF90D4ED2173}.Release|iPhoneSimulator.ActiveCfg = Release|Any CPU
		{E352D3D6-8B00-4BFE-B048-BF90D4ED2173}.Release|iPhoneSimulator.Build.0 = Release|Any CPU
	EndGlobalSection
	GlobalSection(SolutionProperties) = preSolution
		HideSolutionNode = FALSE
	EndGlobalSection
EndGlobal
