
Microsoft Visual Studio Solution File, Format Version 12.00
# Visual Studio 2012
VisualStudioVersion = 14.0.24720.0
MinimumVisualStudioVersion = 10.0.40219.1
Project("{FAE04EC0-301F-11D3-BF4B-00C04F79EFBC}") = "iDelivery", "iDelivery\iDelivery.csproj", "{C616B346-BAE2-4C79-BED4-464F8EB1A353}"
EndProject
Project("{FAE04EC0-301F-11D3-BF4B-00C04F79EFBC}") = "iDelivery.iOS", "iOS\iDelivery.iOS.csproj", "{B2111A28-285A-4987-B9D6-5CBBEAC07FB3}"
EndProject
Project("{FAE04EC0-301F-11D3-BF4B-00C04F79EFBC}") = "iDelivery.Droid", "Droid\iDelivery.Droid.csproj", "{AB7DBC3A-EBBD-4ED8-B65B-6AB4A9C88C73}"
EndProject
Global
	GlobalSection(SolutionConfigurationPlatforms) = preSolution
		Debug|Any CPU = Debug|Any CPU
		Debug|iPhone = Debug|iPhone
		Debug|iPhoneSimulator = Debug|iPhoneSimulator
		Release|Any CPU = Release|Any CPU
		Release|iPhone = Release|iPhone
		Release|iPhoneSimulator = Release|iPhoneSimulator
	EndGlobalSection
	GlobalSection(ProjectConfigurationPlatforms) = postSolution
		{AB7DBC3A-EBBD-4ED8-B65B-6AB4A9C88C73}.Debug|Any CPU.ActiveCfg = Debug|Any CPU
		{AB7DBC3A-EBBD-4ED8-B65B-6AB4A9C88C73}.Debug|Any CPU.Build.0 = Debug|Any CPU
		{AB7DBC3A-EBBD-4ED8-B65B-6AB4A9C88C73}.Debug|Any CPU.Deploy.0 = Debug|Any CPU
		{AB7DBC3A-EBBD-4ED8-B65B-6AB4A9C88C73}.Debug|iPhone.ActiveCfg = Debug|Any CPU
		{AB7DBC3A-EBBD-4ED8-B65B-6AB4A9C88C73}.Debug|iPhone.Build.0 = Debug|Any CPU
		{AB7DBC3A-EBBD-4ED8-B65B-6AB4A9C88C73}.Debug|iPhoneSimulator.ActiveCfg = Debug|Any CPU
		{AB7DBC3A-EBBD-4ED8-B65B-6AB4A9C88C73}.Debug|iPhoneSimulator.Build.0 = Debug|Any CPU
		{AB7DBC3A-EBBD-4ED8-B65B-6AB4A9C88C73}.Release|Any CPU.ActiveCfg = Release|Any CPU
		{AB7DBC3A-EBBD-4ED8-B65B-6AB4A9C88C73}.Release|Any CPU.Build.0 = Release|Any CPU
		{AB7DBC3A-EBBD-4ED8-B65B-6AB4A9C88C73}.Release|iPhone.ActiveCfg = Release|Any CPU
		{AB7DBC3A-EBBD-4ED8-B65B-6AB4A9C88C73}.Release|iPhone.Build.0 = Release|Any CPU
		{AB7DBC3A-EBBD-4ED8-B65B-6AB4A9C88C73}.Release|iPhoneSimulator.ActiveCfg = Release|Any CPU
		{AB7DBC3A-EBBD-4ED8-B65B-6AB4A9C88C73}.Release|iPhoneSimulator.Build.0 = Release|Any CPU
		{B2111A28-285A-4987-B9D6-5CBBEAC07FB3}.Debug|Any CPU.ActiveCfg = Debug|iPhoneSimulator
		{B2111A28-285A-4987-B9D6-5CBBEAC07FB3}.Debug|Any CPU.Build.0 = Debug|iPhoneSimulator
		{B2111A28-285A-4987-B9D6-5CBBEAC07FB3}.Debug|iPhone.ActiveCfg = Debug|iPhone
		{B2111A28-285A-4987-B9D6-5CBBEAC07FB3}.Debug|iPhone.Build.0 = Debug|iPhone
		{B2111A28-285A-4987-B9D6-5CBBEAC07FB3}.Debug|iPhoneSimulator.ActiveCfg = Debug|iPhoneSimulator
		{B2111A28-285A-4987-B9D6-5CBBEAC07FB3}.Debug|iPhoneSimulator.Build.0 = Debug|iPhoneSimulator
		{B2111A28-285A-4987-B9D6-5CBBEAC07FB3}.Release|Any CPU.ActiveCfg = Release|iPhone
		{B2111A28-285A-4987-B9D6-5CBBEAC07FB3}.Release|Any CPU.Build.0 = Release|iPhone
		{B2111A28-285A-4987-B9D6-5CBBEAC07FB3}.Release|iPhone.ActiveCfg = Release|iPhone
		{B2111A28-285A-4987-B9D6-5CBBEAC07FB3}.Release|iPhone.Build.0 = Release|iPhone
		{B2111A28-285A-4987-B9D6-5CBBEAC07FB3}.Release|iPhoneSimulator.ActiveCfg = Release|iPhoneSimulator
		{B2111A28-285A-4987-B9D6-5CBBEAC07FB3}.Release|iPhoneSimulator.Build.0 = Release|iPhoneSimulator
		{C616B346-BAE2-4C79-BED4-464F8EB1A353}.Debug|Any CPU.ActiveCfg = Debug|Any CPU
		{C616B346-BAE2-4C79-BED4-464F8EB1A353}.Debug|Any CPU.Build.0 = Debug|Any CPU
		{C616B346-BAE2-4C79-BED4-464F8EB1A353}.Debug|iPhone.ActiveCfg = Debug|Any CPU
		{C616B346-BAE2-4C79-BED4-464F8EB1A353}.Debug|iPhone.Build.0 = Debug|Any CPU
		{C616B346-BAE2-4C79-BED4-464F8EB1A353}.Debug|iPhoneSimulator.ActiveCfg = Debug|Any CPU
		{C616B346-BAE2-4C79-BED4-464F8EB1A353}.Debug|iPhoneSimulator.Build.0 = Debug|Any CPU
		{C616B346-BAE2-4C79-BED4-464F8EB1A353}.Release|Any CPU.ActiveCfg = Release|Any CPU
		{C616B346-BAE2-4C79-BED4-464F8EB1A353}.Release|Any CPU.Build.0 = Release|Any CPU
		{C616B346-BAE2-4C79-BED4-464F8EB1A353}.Release|iPhone.ActiveCfg = Release|Any CPU
		{C616B346-BAE2-4C79-BED4-464F8EB1A353}.Release|iPhone.Build.0 = Release|Any CPU
		{C616B346-BAE2-4C79-BED4-464F8EB1A353}.Release|iPhoneSimulator.ActiveCfg = Release|Any CPU
		{C616B346-BAE2-4C79-BED4-464F8EB1A353}.Release|iPhoneSimulator.Build.0 = Release|Any CPU
	EndGlobalSection
	GlobalSection(SolutionProperties) = preSolution
		HideSolutionNode = FALSE
	EndGlobalSection
EndGlobal
